
Microsoft Visual Studio Solution File, Format Version 12.00
# Visual Studio Version 16
VisualStudioVersion = 16.0.30804.86
MinimumVisualStudioVersion = 10.0.40219.1
Project("{8BC9CEB8-8B4A-11D0-8D11-00A0C91BC942}") = "C  primer Plus  第十四章", "C  primer Plus  第十四章\C  primer Plus  第十四章.vcxproj", "{FAB494BF-F8DD-41A0-936A-672CC6E94D6E}"
EndProject
Global
	GlobalSection(SolutionConfigurationPlatforms) = preSolution
		Debug|x64 = Debug|x64
		Debug|x86 = Debug|x86
		Release|x64 = Release|x64
		Release|x86 = Release|x86
	EndGlobalSection
	GlobalSection(ProjectConfigurationPlatforms) = postSolution
		{FAB494BF-F8DD-41A0-936A-672CC6E94D6E}.Debug|x64.ActiveCfg = Debug|x64
		{FAB494BF-F8DD-41A0-936A-672CC6E94D6E}.Debug|x64.Build.0 = Debug|x64
		{FAB494BF-F8DD-41A0-936A-672CC6E94D6E}.Debug|x86.ActiveCfg = Debug|Win32
		{FAB494BF-F8DD-41A0-936A-672CC6E94D6E}.Debug|x86.Build.0 = Debug|Win32
		{FAB494BF-F8DD-41A0-936A-672CC6E94D6E}.Release|x64.ActiveCfg = Release|x64
		{FAB494BF-F8DD-41A0-936A-672CC6E94D6E}.Release|x64.Build.0 = Release|x64
		{FAB494BF-F8DD-41A0-936A-672CC6E94D6E}.Release|x86.ActiveCfg = Release|Win32
		{FAB494BF-F8DD-41A0-936A-672CC6E94D6E}.Release|x86.Build.0 = Release|Win32
	EndGlobalSection
	GlobalSection(SolutionProperties) = preSolution
		HideSolutionNode = FALSE
	EndGlobalSection
	GlobalSection(ExtensibilityGlobals) = postSolution
		SolutionGuid = {6E05CBDD-BEA3-4C1F-92F9-2C79F7EABC3B}
	EndGlobalSection
EndGlobal
